<?xml version="1.0" encoding="utf-8"?>
<Project ToolsVersion="15.0" xmlns="http://schemas.microsoft.com/developer/msbuild/2003">
  <ItemGroup>
    <ClCompile Include="C:\Users\Park\Desktop\dev\Crawler\gumbo-query\src\Document.cpp">
      <Filter>Source Files</Filter>
    </ClCompile>
    <ClCompile Include="C:\Users\Park\Desktop\dev\Crawler\gumbo-query\src\Node.cpp">
      <Filter>Source Files</Filter>
    </ClCompile>
    <ClCompile Include="C:\Users\Park\Desktop\dev\Crawler\gumbo-query\src\Object.cpp">
      <Filter>Source Files</Filter>
    </ClCompile>
    <ClCompile Include="C:\Users\Park\Desktop\dev\Crawler\gumbo-query\src\Parser.cpp">
      <Filter>Source Files</Filter>
    </ClCompile>
    <ClCompile Include="C:\Users\Park\Desktop\dev\Crawler\gumbo-query\src\QueryUtil.cpp">
      <Filter>Source Files</Filter>
    </ClCompile>
    <ClCompile Include="C:\Users\Park\Desktop\dev\Crawler\gumbo-query\src\Selection.cpp">
      <Filter>Source Files</Filter>
    </ClCompile>
    <ClCompile Include="C:\Users\Park\Desktop\dev\Crawler\gumbo-query\src\Selector.cpp">
      <Filter>Source Files</Filter>
    </ClCompile>
  </ItemGroup>
  <ItemGroup>
    <CustomBuild Include="C:\Users\Park\Desktop\dev\Crawler\gumbo-query\src\CMakeLists.txt" />
  </ItemGroup>
  <ItemGroup>
    <Filter Include="Source Files">
      <UniqueIdentifier>{1A73F583-3EBF-3DEC-BF80-62A695D565D8}</UniqueIdentifier>
    </Filter>
  </ItemGroup>
</Project>
