Microsoft Visual Studio Solution File, Format Version 12.00
# Visual Studio 15
Project("{8BC9CEB8-8B4A-11D0-8D11-00A0C91BC942}") = "ALL_BUILD", "ALL_BUILD.vcxproj", "{38B27836-10CE-31CE-92B0-7F413BC22317}"
	ProjectSection(ProjectDependencies) = postProject
		{8F544961-14E6-30A0-8BF8-CDED3BC79520} = {8F544961-14E6-30A0-8BF8-CDED3BC79520}
		{D51B5908-1DB9-3655-A93D-1C4DD96BBB49} = {D51B5908-1DB9-3655-A93D-1C4DD96BBB49}
		{C90BCC60-8BCA-3DAD-B2DC-6E7978152A3A} = {C90BCC60-8BCA-3DAD-B2DC-6E7978152A3A}
	EndProjectSection
EndProject
Project("{8BC9CEB8-8B4A-11D0-8D11-00A0C91BC942}") = "INSTALL", "INSTALL.vcxproj", "{9E62E314-46A0-31DF-9914-45599CE0914C}"
	ProjectSection(ProjectDependencies) = postProject
		{38B27836-10CE-31CE-92B0-7F413BC22317} = {38B27836-10CE-31CE-92B0-7F413BC22317}
		{8F544961-14E6-30A0-8BF8-CDED3BC79520} = {8F544961-14E6-30A0-8BF8-CDED3BC79520}
	EndProjectSection
EndProject
Project("{8BC9CEB8-8B4A-11D0-8D11-00A0C91BC942}") = "ZERO_CHECK", "ZERO_CHECK.vcxproj", "{8F544961-14E6-30A0-8BF8-CDED3BC79520}"
	ProjectSection(ProjectDependencies) = postProject
	EndProjectSection
EndProject
Project("{8BC9CEB8-8B4A-11D0-8D11-00A0C91BC942}") = "gumbo_query_shared", "gumbo_query_shared.vcxproj", "{D51B5908-1DB9-3655-A93D-1C4DD96BBB49}"
	ProjectSection(ProjectDependencies) = postProject
		{8F544961-14E6-30A0-8BF8-CDED3BC79520} = {8F544961-14E6-30A0-8BF8-CDED3BC79520}
	EndProjectSection
EndProject
Project("{8BC9CEB8-8B4A-11D0-8D11-00A0C91BC942}") = "gumbo_query_static", "gumbo_query_static.vcxproj", "{C90BCC60-8BCA-3DAD-B2DC-6E7978152A3A}"
	ProjectSection(ProjectDependencies) = postProject
		{8F544961-14E6-30A0-8BF8-CDED3BC79520} = {8F544961-14E6-30A0-8BF8-CDED3BC79520}
	EndProjectSection
EndProject
Global
	GlobalSection(SolutionConfigurationPlatforms) = preSolution
		Debug|Win32 = Debug|Win32
		Release|Win32 = Release|Win32
	EndGlobalSection
	GlobalSection(ProjectConfigurationPlatforms) = postSolution
		{38B27836-10CE-31CE-92B0-7F413BC22317}.Debug|Win32.ActiveCfg = Debug|Win32
		{38B27836-10CE-31CE-92B0-7F413BC22317}.Debug|Win32.Build.0 = Debug|Win32
		{38B27836-10CE-31CE-92B0-7F413BC22317}.Release|Win32.ActiveCfg = Release|Win32
		{38B27836-10CE-31CE-92B0-7F413BC22317}.Release|Win32.Build.0 = Release|Win32
		{9E62E314-46A0-31DF-9914-45599CE0914C}.Debug|Win32.ActiveCfg = Debug|Win32
		{9E62E314-46A0-31DF-9914-45599CE0914C}.Release|Win32.ActiveCfg = Release|Win32
		{8F544961-14E6-30A0-8BF8-CDED3BC79520}.Debug|Win32.ActiveCfg = Debug|Win32
		{8F544961-14E6-30A0-8BF8-CDED3BC79520}.Debug|Win32.Build.0 = Debug|Win32
		{8F544961-14E6-30A0-8BF8-CDED3BC79520}.Release|Win32.ActiveCfg = Release|Win32
		{8F544961-14E6-30A0-8BF8-CDED3BC79520}.Release|Win32.Build.0 = Release|Win32
		{D51B5908-1DB9-3655-A93D-1C4DD96BBB49}.Debug|Win32.ActiveCfg = Debug|Win32
		{D51B5908-1DB9-3655-A93D-1C4DD96BBB49}.Debug|Win32.Build.0 = Debug|Win32
		{D51B5908-1DB9-3655-A93D-1C4DD96BBB49}.Release|Win32.ActiveCfg = Release|Win32
		{D51B5908-1DB9-3655-A93D-1C4DD96BBB49}.Release|Win32.Build.0 = Release|Win32
		{C90BCC60-8BCA-3DAD-B2DC-6E7978152A3A}.Debug|Win32.ActiveCfg = Debug|Win32
		{C90BCC60-8BCA-3DAD-B2DC-6E7978152A3A}.Debug|Win32.Build.0 = Debug|Win32
		{C90BCC60-8BCA-3DAD-B2DC-6E7978152A3A}.Release|Win32.ActiveCfg = Release|Win32
		{C90BCC60-8BCA-3DAD-B2DC-6E7978152A3A}.Release|Win32.Build.0 = Release|Win32
	EndGlobalSection
	GlobalSection(ExtensibilityGlobals) = postSolution
		SolutionGuid = {9F65D5DA-81E2-388F-8E30-4608F1565DEC}
	EndGlobalSection
	GlobalSection(ExtensibilityAddIns) = postSolution
	EndGlobalSection
EndGlobal
